dependencies:
  bblanchon/arduinojson:
    component_hash: c111ebf785c5e3cb5a3f8902584b03e25d929a3651976b5a57054bfa941ffc74
    source:
      service_url: https://api.components.espressif.com/
      type: service
    version: 6.21.3
  espressif/esp_secure_cert_mgr:
    component_hash: 4a9586b0804c6853a4b59e26b5f23e38126d4838156ca2c14087cc4a6d232b35
    source:
      service_url: https://api.components.espressif.com/
      type: service
    version: 2.4.0
  grepfa_net:
    component_hash: fc4b2cf288aad4bb848749e7132601b1b6e73d708a941c807f6042514ce5ece6
    source:
      git: https://github.com/GrepFa/grepfa_net.git
      path: components/grepfa_net
      type: git
    version: b6c4ae6b36b2bc1cfb4f439039e73acf1503b18b
  idf:
    component_hash: null
    source:
      type: idf
    version: 5.1.1
manifest_hash: c489c504a94195378987d3a4dd24e18df1e225b93ed386e075dbc56cd184c616
target: esp32s3
version: 1.0.0
